
Microsoft Visual Studio Solution File, Format Version 12.00
# Visual Studio Version 17
VisualStudioVersion = 17.0.31903.59
MinimumVisualStudioVersion = 10.0.40219.1
Project("{2150E333-8FDC-42A3-9474-1A3956D46DE8}") = "src", "src", "{FA06ED9B-CB8F-4D7F-BBD2-58D6B5C1638D}"
EndProject
Project("{2150E333-8FDC-42A3-9474-1A3956D46DE8}") = "backend", "backend", "{89D684BE-E84C-421C-B64C-6324BBF7883F}"
EndProject
Project("{2150E333-8FDC-42A3-9474-1A3956D46DE8}") = "Services", "Services", "{C99611FF-2EA8-470A-BAD3-E96A6036CEDE}"
EndProject
Project("{2150E333-8FDC-42A3-9474-1A3956D46DE8}") = "Migrators", "Migrators", "{2466DC10-ABF3-4197-93FA-82A8FD628AE7}"
EndProject
Project("{2150E333-8FDC-42A3-9474-1A3956D46DE8}") = "DreamTeamEver", "DreamTeamEver", "{C4773667-537D-4C70-BC81-29AFA5081FD7}"
EndProject
Project("{2150E333-8FDC-42A3-9474-1A3956D46DE8}") = "Aspire", "Aspire", "{735C554C-7D5D-467D-A51F-3E0D33C5E6CF}"
EndProject
Project("{2150E333-8FDC-42A3-9474-1A3956D46DE8}") = "frontend", "frontend", "{3F8977F8-27D0-4DB7-A4D2-449CEE032564}"
EndProject
Project("{2150E333-8FDC-42A3-9474-1A3956D46DE8}") = "solution items", "solution items", "{136E9F4C-A3F0-4AE2-8046-7C96A8887CE0}"
	ProjectSection(SolutionItems) = preProject
		compose.yml = compose.yml
		M-PESA.md = M-PESA.md
	EndProjectSection
EndProject
Project("{2150E333-8FDC-42A3-9474-1A3956D46DE8}") = "tests", "tests", "{A76113B0-BB01-451C-AB7A-532D2BB98AC7}"
EndProject
Project("{2150E333-8FDC-42A3-9474-1A3956D46DE8}") = "IntegrationTests", "IntegrationTests", "{E817FE1E-BB98-440E-8C92-13DA8F7430EC}"
EndProject
Project("{2150E333-8FDC-42A3-9474-1A3956D46DE8}") = "Shared", "Shared", "{DD4A70D2-49FA-47DA-8A0D-88EB97344A64}"
EndProject
Project("{2150E333-8FDC-42A3-9474-1A3956D46DE8}") = "UnitTests", "UnitTests", "{A957F3E7-CB6D-4B14-BC11-134664B43D80}"
EndProject
Project("{FAE04EC0-301F-11D3-BF4B-00C04F79EFBC}") = "DreamTeamEver.Web", "src\frontend\DreamTeamEver.Web\DreamTeamEver.Web.csproj", "{A9FBDEC6-2E61-4803-8C38-465641FDC423}"
EndProject
Project("{FAE04EC0-301F-11D3-BF4B-00C04F79EFBC}") = "DreamTeamEver.Domain", "src\backend\Services\DreamTeamEver\DreamTeamEver.Domain\DreamTeamEver.Domain.csproj", "{74695909-4FD1-4C72-80C3-A582B8272610}"
EndProject
Project("{FAE04EC0-301F-11D3-BF4B-00C04F79EFBC}") = "DreamTeamEver.Application", "src\backend\Services\DreamTeamEver\DreamTeamEver.Application\DreamTeamEver.Application.csproj", "{CECFC272-46FB-4AE2-BA45-32A48CE83AE4}"
EndProject
Project("{FAE04EC0-301F-11D3-BF4B-00C04F79EFBC}") = "DreamTeamEver.Infrastructure", "src\backend\Services\DreamTeamEver\DreamTeamEver.Infrastructure\DreamTeamEver.Infrastructure.csproj", "{5047DC63-C457-478C-8C96-D8A8526235A4}"
EndProject
Project("{FAE04EC0-301F-11D3-BF4B-00C04F79EFBC}") = "DreamTeamEver.Api", "src\backend\Services\DreamTeamEver\DreamTeamEver.Api\DreamTeamEver.Api.csproj", "{A600B76C-4FA8-410F-87A3-7777E07D2D00}"
EndProject
Project("{FAE04EC0-301F-11D3-BF4B-00C04F79EFBC}") = "DreamTeamEver.AppHost", "src\backend\Aspire\DreamTeamEver.AppHost\DreamTeamEver.AppHost.csproj", "{F1FAD347-A941-485E-A185-CE9D21A8FCFE}"
EndProject
Project("{FAE04EC0-301F-11D3-BF4B-00C04F79EFBC}") = "DreamTeamEver.ServiceDefaults", "src\backend\Aspire\DreamTeamEver.ServiceDefaults\DreamTeamEver.ServiceDefaults.csproj", "{DBC2D674-C4B9-41F8-81B5-61A8304A2ECF}"
EndProject
Project("{FAE04EC0-301F-11D3-BF4B-00C04F79EFBC}") = "DreamTeamEver.MigrationService", "src\backend\Services\Migrators\DreamTeamEver.MigrationService\DreamTeamEver.MigrationService.csproj", "{87479E37-7E86-40CC-8DDF-172F4529D914}"
EndProject
Global
	GlobalSection(SolutionConfigurationPlatforms) = preSolution
		Debug|Any CPU = Debug|Any CPU
		Release|Any CPU = Release|Any CPU
	EndGlobalSection
	GlobalSection(SolutionProperties) = preSolution
		HideSolutionNode = FALSE
	EndGlobalSection
	GlobalSection(ProjectConfigurationPlatforms) = postSolution
		{A9FBDEC6-2E61-4803-8C38-465641FDC423}.Debug|Any CPU.ActiveCfg = Debug|Any CPU
		{A9FBDEC6-2E61-4803-8C38-465641FDC423}.Debug|Any CPU.Build.0 = Debug|Any CPU
		{A9FBDEC6-2E61-4803-8C38-465641FDC423}.Release|Any CPU.ActiveCfg = Release|Any CPU
		{A9FBDEC6-2E61-4803-8C38-465641FDC423}.Release|Any CPU.Build.0 = Release|Any CPU
		{74695909-4FD1-4C72-80C3-A582B8272610}.Debug|Any CPU.ActiveCfg = Debug|Any CPU
		{74695909-4FD1-4C72-80C3-A582B8272610}.Debug|Any CPU.Build.0 = Debug|Any CPU
		{74695909-4FD1-4C72-80C3-A582B8272610}.Release|Any CPU.ActiveCfg = Release|Any CPU
		{74695909-4FD1-4C72-80C3-A582B8272610}.Release|Any CPU.Build.0 = Release|Any CPU
		{CECFC272-46FB-4AE2-BA45-32A48CE83AE4}.Debug|Any CPU.ActiveCfg = Debug|Any CPU
		{CECFC272-46FB-4AE2-BA45-32A48CE83AE4}.Debug|Any CPU.Build.0 = Debug|Any CPU
		{CECFC272-46FB-4AE2-BA45-32A48CE83AE4}.Release|Any CPU.ActiveCfg = Release|Any CPU
		{CECFC272-46FB-4AE2-BA45-32A48CE83AE4}.Release|Any CPU.Build.0 = Release|Any CPU
		{5047DC63-C457-478C-8C96-D8A8526235A4}.Debug|Any CPU.ActiveCfg = Debug|Any CPU
		{5047DC63-C457-478C-8C96-D8A8526235A4}.Debug|Any CPU.Build.0 = Debug|Any CPU
		{5047DC63-C457-478C-8C96-D8A8526235A4}.Release|Any CPU.ActiveCfg = Release|Any CPU
		{5047DC63-C457-478C-8C96-D8A8526235A4}.Release|Any CPU.Build.0 = Release|Any CPU
		{A600B76C-4FA8-410F-87A3-7777E07D2D00}.Debug|Any CPU.ActiveCfg = Debug|Any CPU
		{A600B76C-4FA8-410F-87A3-7777E07D2D00}.Debug|Any CPU.Build.0 = Debug|Any CPU
		{A600B76C-4FA8-410F-87A3-7777E07D2D00}.Release|Any CPU.ActiveCfg = Release|Any CPU
		{A600B76C-4FA8-410F-87A3-7777E07D2D00}.Release|Any CPU.Build.0 = Release|Any CPU
		{F1FAD347-A941-485E-A185-CE9D21A8FCFE}.Debug|Any CPU.ActiveCfg = Debug|Any CPU
		{F1FAD347-A941-485E-A185-CE9D21A8FCFE}.Debug|Any CPU.Build.0 = Debug|Any CPU
		{F1FAD347-A941-485E-A185-CE9D21A8FCFE}.Release|Any CPU.ActiveCfg = Release|Any CPU
		{F1FAD347-A941-485E-A185-CE9D21A8FCFE}.Release|Any CPU.Build.0 = Release|Any CPU
		{DBC2D674-C4B9-41F8-81B5-61A8304A2ECF}.Debug|Any CPU.ActiveCfg = Debug|Any CPU
		{DBC2D674-C4B9-41F8-81B5-61A8304A2ECF}.Debug|Any CPU.Build.0 = Debug|Any CPU
		{DBC2D674-C4B9-41F8-81B5-61A8304A2ECF}.Release|Any CPU.ActiveCfg = Release|Any CPU
		{DBC2D674-C4B9-41F8-81B5-61A8304A2ECF}.Release|Any CPU.Build.0 = Release|Any CPU
		{87479E37-7E86-40CC-8DDF-172F4529D914}.Debug|Any CPU.ActiveCfg = Debug|Any CPU
		{87479E37-7E86-40CC-8DDF-172F4529D914}.Debug|Any CPU.Build.0 = Debug|Any CPU
		{87479E37-7E86-40CC-8DDF-172F4529D914}.Release|Any CPU.ActiveCfg = Release|Any CPU
		{87479E37-7E86-40CC-8DDF-172F4529D914}.Release|Any CPU.Build.0 = Release|Any CPU
	EndGlobalSection
	GlobalSection(NestedProjects) = preSolution
		{89D684BE-E84C-421C-B64C-6324BBF7883F} = {FA06ED9B-CB8F-4D7F-BBD2-58D6B5C1638D}
		{C99611FF-2EA8-470A-BAD3-E96A6036CEDE} = {89D684BE-E84C-421C-B64C-6324BBF7883F}
		{2466DC10-ABF3-4197-93FA-82A8FD628AE7} = {C99611FF-2EA8-470A-BAD3-E96A6036CEDE}
		{C4773667-537D-4C70-BC81-29AFA5081FD7} = {C99611FF-2EA8-470A-BAD3-E96A6036CEDE}
		{735C554C-7D5D-467D-A51F-3E0D33C5E6CF} = {89D684BE-E84C-421C-B64C-6324BBF7883F}
		{3F8977F8-27D0-4DB7-A4D2-449CEE032564} = {FA06ED9B-CB8F-4D7F-BBD2-58D6B5C1638D}
		{136E9F4C-A3F0-4AE2-8046-7C96A8887CE0} = {FA06ED9B-CB8F-4D7F-BBD2-58D6B5C1638D}
		{A76113B0-BB01-451C-AB7A-532D2BB98AC7} = {FA06ED9B-CB8F-4D7F-BBD2-58D6B5C1638D}
		{E817FE1E-BB98-440E-8C92-13DA8F7430EC} = {A76113B0-BB01-451C-AB7A-532D2BB98AC7}
		{DD4A70D2-49FA-47DA-8A0D-88EB97344A64} = {A76113B0-BB01-451C-AB7A-532D2BB98AC7}
		{A957F3E7-CB6D-4B14-BC11-134664B43D80} = {A76113B0-BB01-451C-AB7A-532D2BB98AC7}
		{A9FBDEC6-2E61-4803-8C38-465641FDC423} = {3F8977F8-27D0-4DB7-A4D2-449CEE032564}
		{74695909-4FD1-4C72-80C3-A582B8272610} = {C4773667-537D-4C70-BC81-29AFA5081FD7}
		{CECFC272-46FB-4AE2-BA45-32A48CE83AE4} = {C4773667-537D-4C70-BC81-29AFA5081FD7}
		{5047DC63-C457-478C-8C96-D8A8526235A4} = {C4773667-537D-4C70-BC81-29AFA5081FD7}
		{A600B76C-4FA8-410F-87A3-7777E07D2D00} = {C4773667-537D-4C70-BC81-29AFA5081FD7}
		{F1FAD347-A941-485E-A185-CE9D21A8FCFE} = {735C554C-7D5D-467D-A51F-3E0D33C5E6CF}
		{DBC2D674-C4B9-41F8-81B5-61A8304A2ECF} = {735C554C-7D5D-467D-A51F-3E0D33C5E6CF}
		{87479E37-7E86-40CC-8DDF-172F4529D914} = {2466DC10-ABF3-4197-93FA-82A8FD628AE7}
	EndGlobalSection
EndGlobal
